# This file is automatically @generated by Poetry 1.5.4 and should not be changed by hand.

[[package]]
name = "pybricks"
version = "3.5.0"
description = "Documentation and user-API stubs for Pybricks MicroPython"
optional = false
python-versions = "<4.0,>=3.8"
files = [
    {file = "pybricks-3.5.0-py3-none-any.whl", hash = "sha256:950d203e9c6a376ef7a8839b4ccfbab4d330207b35ba4b6ee95ceeeffa27d1e5"},
    {file = "pybricks-3.5.0.tar.gz", hash = "sha256:cdee23413b41296a7e44d07a04222cebed8115b8ad615e265bec299aa8b5b046"},
]

[metadata]
lock-version = "2.0"
python-versions = "^3.10"
content-hash = "b2af2875296874d27eaed0e49f72b77a29421912388c19ab612dcaf458a46f61"
